
Microsoft Visual Studio Solution File, Format Version 12.00
# Visual Studio Version 17
VisualStudioVersion = 17.14.36429.23 d17.14
MinimumVisualStudioVersion = 10.0.40219.1
Project("{FAE04EC0-301F-11D3-BF4B-00C04F79EFBC}") = "Bai01", "Bai01.csproj", "{616DFDDB-2792-4899-ACB1-5E82E7A5ECDB}"
EndProject
Global
	GlobalSection(SolutionConfigurationPlatforms) = preSolution
		Debug|Any CPU = Debug|Any CPU
		Release|Any CPU = Release|Any CPU
	EndGlobalSection
	GlobalSection(ProjectConfigurationPlatforms) = postSolution
		{616DFDDB-2792-4899-ACB1-5E82E7A5ECDB}.Debug|Any CPU.ActiveCfg = Debug|Any CPU
		{616DFDDB-2792-4899-ACB1-5E82E7A5ECDB}.Debug|Any CPU.Build.0 = Debug|Any CPU
		{616DFDDB-2792-4899-ACB1-5E82E7A5ECDB}.Release|Any CPU.ActiveCfg = Release|Any CPU
		{616DFDDB-2792-4899-ACB1-5E82E7A5ECDB}.Release|Any CPU.Build.0 = Release|Any CPU
	EndGlobalSection
	GlobalSection(SolutionProperties) = preSolution
		HideSolutionNode = FALSE
	EndGlobalSection
	GlobalSection(ExtensibilityGlobals) = postSolution
		SolutionGuid = {5D1B649A-CDF2-42F4-A56D-EA82641550ED}
	EndGlobalSection
EndGlobal
